<?xml version="1.0" encoding="utf-8"?>
<Project ToolsVersion="4.0" xmlns="http://schemas.microsoft.com/developer/msbuild/2003">
  <ItemGroup>
    <Filter Include="源文件">
      <UniqueIdentifier>{4FC737F1-C7A5-4376-A066-2A32D752A2FF}</UniqueIdentifier>
      <Extensions>cpp;c;cc;cxx;def;odl;idl;hpj;bat;asm;asmx</Extensions>
    </Filter>
    <Filter Include="头文件">
      <UniqueIdentifier>{93995380-89BD-4b04-88EB-625FBE52EBFB}</UniqueIdentifier>
      <Extensions>h;hpp;hxx;hm;inl;inc;xsd</Extensions>
    </Filter>
    <Filter Include="资源文件">
      <UniqueIdentifier>{67DA6AB6-F800-4c08-8B7A-83BB121AAD01}</UniqueIdentifier>
      <Extensions>rc;ico;cur;bmp;dlg;rc2;rct;bin;rgs;gif;jpg;jpeg;jpe;resx;tiff;tif;png;wav;mfcribbon-ms</Extensions>
    </Filter>
    <Filter Include="asio">
      <UniqueIdentifier>{2b4ef948-f8ca-4192-9ea4-17612071a90e}</UniqueIdentifier>
    </Filter>
    <Filter Include="asio\include">
      <UniqueIdentifier>{65eb437b-d66a-43a3-8f42-790aba294b29}</UniqueIdentifier>
    </Filter>
    <Filter Include="asio\src">
      <UniqueIdentifier>{d575f292-70ac-46e2-a22f-d1573e414ecb}</UniqueIdentifier>
    </Filter>
    <Filter Include="asio\include\base">
      <UniqueIdentifier>{d3ae15e3-d7a6-4587-b9ac-43d0d0d49463}</UniqueIdentifier>
    </Filter>
    <Filter Include="asio\include\extend">
      <UniqueIdentifier>{121e6e0b-61da-4bac-a07f-01773e392621}</UniqueIdentifier>
    </Filter>
    <Filter Include="asio\include\util">
      <UniqueIdentifier>{6e16ea52-fa9f-4d5f-9e44-74582c38b438}</UniqueIdentifier>
    </Filter>
    <Filter Include="asio\src\unfinished">
      <UniqueIdentifier>{aee5735d-1845-4e3c-95c3-0f22cc1382bb}</UniqueIdentifier>
    </Filter>
    <Filter Include="asio\src\extend">
      <UniqueIdentifier>{4f3a8b3e-d01e-4287-b533-355e11986653}</UniqueIdentifier>
    </Filter>
    <Filter Include="asio\src\util">
      <UniqueIdentifier>{cc46b016-564e-43e3-bb5a-f0bd20318d76}</UniqueIdentifier>
    </Filter>
    <Filter Include="asio\src\base">
      <UniqueIdentifier>{684bc56e-1007-4fe7-a25f-e30462680429}</UniqueIdentifier>
    </Filter>
    <Filter Include="asio\include\db">
      <UniqueIdentifier>{e48858dd-f642-4519-b68a-e63a54084006}</UniqueIdentifier>
    </Filter>
    <Filter Include="asio\include\unfinished">
      <UniqueIdentifier>{e8a1ec59-7ab8-45a0-bf6d-be4544bcfed5}</UniqueIdentifier>
    </Filter>
  </ItemGroup>
  <ItemGroup>
    <None Include="ReadMe.txt" />
    <None Include="res\MyASIO.rc2">
      <Filter>资源文件</Filter>
    </None>
    <None Include="res\MyASIO.ico">
      <Filter>资源文件</Filter>
    </None>
  </ItemGroup>
  <ItemGroup>
    <ClInclude Include="MyASIO.h">
      <Filter>头文件</Filter>
    </ClInclude>
    <ClInclude Include="MyASIODlg.h">
      <Filter>头文件</Filter>
    </ClInclude>
    <ClInclude Include="stdafx.h">
      <Filter>头文件</Filter>
    </ClInclude>
    <ClInclude Include="targetver.h">
      <Filter>头文件</Filter>
    </ClInclude>
    <ClInclude Include="Resource.h">
      <Filter>头文件</Filter>
    </ClInclude>
    <ClInclude Include="TestXAsio.h">
      <Filter>源文件</Filter>
    </ClInclude>
    <ClInclude Include="..\asiowrapper\include\util\XLog.h">
      <Filter>asio\src\util</Filter>
    </ClInclude>
    <ClInclude Include="..\asiowrapper\include\asio\XAsioBase.h">
      <Filter>asio\include\base</Filter>
    </ClInclude>
    <ClInclude Include="..\asiowrapper\include\asio\XAsioInterface.h">
      <Filter>asio\include\base</Filter>
    </ClInclude>
    <ClInclude Include="..\asiowrapper\include\asio\XAsioService.h">
      <Filter>asio\include\base</Filter>
    </ClInclude>
    <ClInclude Include="..\asiowrapper\include\asio\XAsioHelper.h">
      <Filter>asio\include\util</Filter>
    </ClInclude>
    <ClInclude Include="..\asiowrapper\include\asio\XAsioPackage.h">
      <Filter>asio\include\util</Filter>
    </ClInclude>
    <ClInclude Include="..\asiowrapper\include\asio\XAsioPacker.h">
      <Filter>asio\include\util</Filter>
    </ClInclude>
    <ClInclude Include="..\asiowrapper\include\asio\XAsioPool.h">
      <Filter>asio\include\util</Filter>
    </ClInclude>
    <ClInclude Include="..\asiowrapper\include\asio\XAsioTimer.h">
      <Filter>asio\include\util</Filter>
    </ClInclude>
    <ClInclude Include="..\asiowrapper\include\asio\XAsioClient.h">
      <Filter>asio\include\extend</Filter>
    </ClInclude>
    <ClInclude Include="..\asiowrapper\include\asio\XAsioServer.h">
      <Filter>asio\include\extend</Filter>
    </ClInclude>
    <ClInclude Include="..\asiowrapper\include\asio\XAsioTCP.h">
      <Filter>asio\include\extend</Filter>
    </ClInclude>
    <ClInclude Include="..\asiowrapper\include\asio\XAsioUDP.h">
      <Filter>asio\include\extend</Filter>
    </ClInclude>
    <ClInclude Include="..\asiowrapper\include\asio\XAsioSession.h">
      <Filter>asio\include\base</Filter>
    </ClInclude>
    <ClInclude Include="..\asiowrapper\include\asio\XAsioSocket.h">
      <Filter>asio\include\unfinished</Filter>
    </ClInclude>
    <ClInclude Include="..\asiowrapper\include\asio\XAsioTCPSocket.h">
      <Filter>asio\include\unfinished</Filter>
    </ClInclude>
    <ClInclude Include="MysqlDialog.h">
      <Filter>头文件</Filter>
    </ClInclude>
  </ItemGroup>
  <ItemGroup>
    <ClCompile Include="MyASIO.cpp">
      <Filter>源文件</Filter>
    </ClCompile>
    <ClCompile Include="MyASIODlg.cpp">
      <Filter>源文件</Filter>
    </ClCompile>
    <ClCompile Include="stdafx.cpp">
      <Filter>源文件</Filter>
    </ClCompile>
    <ClCompile Include="..\asiowrapper\src\util\XLog.cpp">
      <Filter>asio\src\util</Filter>
    </ClCompile>
    <ClCompile Include="..\asiowrapper\src\asio\XAsioPacker.cpp">
      <Filter>asio\src\unfinished</Filter>
    </ClCompile>
    <ClCompile Include="..\asiowrapper\src\asio\XAsioSocket.cpp">
      <Filter>asio\src\unfinished</Filter>
    </ClCompile>
    <ClCompile Include="..\asiowrapper\src\asio\XAsioInterface.cpp">
      <Filter>asio\src\base</Filter>
    </ClCompile>
    <ClCompile Include="..\asiowrapper\src\asio\XAsioService.cpp">
      <Filter>asio\src\base</Filter>
    </ClCompile>
    <ClCompile Include="..\asiowrapper\src\asio\XAsioSession.cpp">
      <Filter>asio\src\base</Filter>
    </ClCompile>
    <ClCompile Include="..\asiowrapper\src\asio\XAsioHelper.cpp">
      <Filter>asio\src\util</Filter>
    </ClCompile>
    <ClCompile Include="..\asiowrapper\src\asio\XAsioClient.cpp">
      <Filter>asio\src\extend</Filter>
    </ClCompile>
    <ClCompile Include="..\asiowrapper\src\asio\XAsioUDP.cpp">
      <Filter>asio\src\extend</Filter>
    </ClCompile>
    <ClCompile Include="..\asiowrapper\src\asio\XAsioServer.cpp">
      <Filter>asio\src\extend</Filter>
    </ClCompile>
    <ClCompile Include="..\asiowrapper\src\asio\XAsioTCP.cpp">
      <Filter>asio\src\extend</Filter>
    </ClCompile>
    <ClCompile Include="..\asiowrapper\src\asio\XAsioTCPSocket.cpp">
      <Filter>asio\src\unfinished</Filter>
    </ClCompile>
    <ClCompile Include="MysqlDialog.cpp">
      <Filter>源文件</Filter>
    </ClCompile>
  </ItemGroup>
  <ItemGroup>
    <ResourceCompile Include="MyASIO.rc">
      <Filter>资源文件</Filter>
    </ResourceCompile>
  </ItemGroup>
</Project>